
Microsoft Visual Studio Solution File, Format Version 12.00
# Visual Studio Version 17
VisualStudioVersion = 17.5.002.0
MinimumVisualStudioVersion = 10.0.40219.1
Project("{9A19103F-16F7-4668-BE54-9A1E7A4F7556}") = "Ejercicio_github", "Ejercicio_github.csproj", "{425DA5AC-D2EE-46F5-92D8-C6F59A308C50}"
EndProject
Global
	GlobalSection(SolutionConfigurationPlatforms) = preSolution
		Debug|Any CPU = Debug|Any CPU
		Release|Any CPU = Release|Any CPU
	EndGlobalSection
	GlobalSection(ProjectConfigurationPlatforms) = postSolution
		{425DA5AC-D2EE-46F5-92D8-C6F59A308C50}.Debug|Any CPU.ActiveCfg = Debug|Any CPU
		{425DA5AC-D2EE-46F5-92D8-C6F59A308C50}.Debug|Any CPU.Build.0 = Debug|Any CPU
		{425DA5AC-D2EE-46F5-92D8-C6F59A308C50}.Release|Any CPU.ActiveCfg = Release|Any CPU
		{425DA5AC-D2EE-46F5-92D8-C6F59A308C50}.Release|Any CPU.Build.0 = Release|Any CPU
	EndGlobalSection
	GlobalSection(SolutionProperties) = preSolution
		HideSolutionNode = FALSE
	EndGlobalSection
	GlobalSection(ExtensibilityGlobals) = postSolution
		SolutionGuid = {D2AD8238-B178-4028-A60B-45F577ECCB4C}
	EndGlobalSection
EndGlobal
